
Microsoft Visual Studio Solution File, Format Version 12.00
# Visual Studio 15
VisualStudioVersion = 15.0.28307.902
MinimumVisualStudioVersion = 10.0.40219.1
Project("{9A19103F-16F7-4668-BE54-9A1E7A4F7556}") = "Data", "Data\Data.csproj", "{A1036F08-74CD-4F22-9DD9-BE87EE24BE58}"
EndProject
Project("{FAE04EC0-301F-11D3-BF4B-00C04F79EFBC}") = "API", "API\API.csproj", "{7FF44A25-88AD-4D20-B837-EAEA1529E730}"
EndProject
Project("{FAE04EC0-301F-11D3-BF4B-00C04F79EFBC}") = "Client", "Client\Client.csproj", "{083831A8-0CAB-47EE-99AF-EBC7D798CE3D}"
EndProject
Global
	GlobalSection(SolutionConfigurationPlatforms) = preSolution
		Debug|Any CPU = Debug|Any CPU
		Release|Any CPU = Release|Any CPU
	EndGlobalSection
	GlobalSection(ProjectConfigurationPlatforms) = postSolution
		{A1036F08-74CD-4F22-9DD9-BE87EE24BE58}.Debug|Any CPU.ActiveCfg = Debug|Any CPU
		{A1036F08-74CD-4F22-9DD9-BE87EE24BE58}.Debug|Any CPU.Build.0 = Debug|Any CPU
		{A1036F08-74CD-4F22-9DD9-BE87EE24BE58}.Release|Any CPU.ActiveCfg = Release|Any CPU
		{A1036F08-74CD-4F22-9DD9-BE87EE24BE58}.Release|Any CPU.Build.0 = Release|Any CPU
		{7FF44A25-88AD-4D20-B837-EAEA1529E730}.Debug|Any CPU.ActiveCfg = Debug|Any CPU
		{7FF44A25-88AD-4D20-B837-EAEA1529E730}.Debug|Any CPU.Build.0 = Debug|Any CPU
		{7FF44A25-88AD-4D20-B837-EAEA1529E730}.Release|Any CPU.ActiveCfg = Release|Any CPU
		{7FF44A25-88AD-4D20-B837-EAEA1529E730}.Release|Any CPU.Build.0 = Release|Any CPU
		{083831A8-0CAB-47EE-99AF-EBC7D798CE3D}.Debug|Any CPU.ActiveCfg = Debug|Any CPU
		{083831A8-0CAB-47EE-99AF-EBC7D798CE3D}.Debug|Any CPU.Build.0 = Debug|Any CPU
		{083831A8-0CAB-47EE-99AF-EBC7D798CE3D}.Release|Any CPU.ActiveCfg = Release|Any CPU
		{083831A8-0CAB-47EE-99AF-EBC7D798CE3D}.Release|Any CPU.Build.0 = Release|Any CPU
	EndGlobalSection
	GlobalSection(SolutionProperties) = preSolution
		HideSolutionNode = FALSE
	EndGlobalSection
	GlobalSection(ExtensibilityGlobals) = postSolution
		SolutionGuid = {494B1E59-6649-464E-8CC5-9ACC1DCC9665}
	EndGlobalSection
EndGlobal
